
Microsoft Visual Studio Solution File, Format Version 12.00
# Visual Studio Version 17
VisualStudioVersion = 17.2.32630.192
MinimumVisualStudioVersion = 10.0.40219.1
Project("{9A19103F-16F7-4668-BE54-9A1E7A4F7556}") = "BulkyBookWeb", "BulkyBookWeb\BulkyBookWeb.csproj", "{D712CCED-EBE8-4051-A730-3AEFB15DDF25}"
EndProject
Global
	GlobalSection(SolutionConfigurationPlatforms) = preSolution
		Debug|Any CPU = Debug|Any CPU
		Release|Any CPU = Release|Any CPU
	EndGlobalSection
	GlobalSection(ProjectConfigurationPlatforms) = postSolution
		{D712CCED-EBE8-4051-A730-3AEFB15DDF25}.Debug|Any CPU.ActiveCfg = Debug|Any CPU
		{D712CCED-EBE8-4051-A730-3AEFB15DDF25}.Debug|Any CPU.Build.0 = Debug|Any CPU
		{D712CCED-EBE8-4051-A730-3AEFB15DDF25}.Release|Any CPU.ActiveCfg = Release|Any CPU
		{D712CCED-EBE8-4051-A730-3AEFB15DDF25}.Release|Any CPU.Build.0 = Release|Any CPU
	EndGlobalSection
	GlobalSection(SolutionProperties) = preSolution
		HideSolutionNode = FALSE
	EndGlobalSection
	GlobalSection(ExtensibilityGlobals) = postSolution
		SolutionGuid = {F9B124D0-2D39-49BF-A021-1AFC04423E79}
	EndGlobalSection
EndGlobal
